// !$*UTF8*$!
{
	archiveVersion = 1;
	classes = {
	};
	objectVersion = 48;
	objects = {

/* Begin PBXBuildFile section */
		2715471962E11C66C407C382 /* Pods_LISTTests.framework in Frameworks */ = {isa = PBXBuildFile; fileRef = 651C07F793C9F59A2F79EB40 /* Pods_LISTTests.framework */; };
		401470BA20CE58C0008B5846 /* ViewListMenuViewController.swift in Sources */ = {isa = PBXBuildFile; fileRef = 401470B920CE58C0008B5846 /* ViewListMenuViewController.swift */; };
		401470BC20CE5ACE008B5846 /* ViewListMenuView.swift in Sources */ = {isa = PBXBuildFile; fileRef = 401470BB20CE5ACE008B5846 /* ViewListMenuView.swift */; };
		401470BE20CE6114008B5846 /* ViewListViewController.swift in Sources */ = {isa = PBXBuildFile; fileRef = 401470BD20CE6114008B5846 /* ViewListViewController.swift */; };
		401470C020CFA5FB008B5846 /* ListItemViewController.swift in Sources */ = {isa = PBXBuildFile; fileRef = 401470BF20CFA5FB008B5846 /* ListItemViewController.swift */; };
		401470C220D0C3D1008B5846 /* ISTimeline.swift in Sources */ = {isa = PBXBuildFile; fileRef = 401470C120D0C3D1008B5846 /* ISTimeline.swift */; };
		401470C820D0C50B008B5846 /* ISPoint.swift in Sources */ = {isa = PBXBuildFile; fileRef = 401470C720D0C50B008B5846 /* ISPoint.swift */; };
		401470CA20D11151008B5846 /* DocumentNodeViewController.swift in Sources */ = {isa = PBXBuildFile; fileRef = 401470C920D11151008B5846 /* DocumentNodeViewController.swift */; };
		4051D75C20FEE37800A3CFC9 /* IconViewController.swift in Sources */ = {isa = PBXBuildFile; fileRef = 4051D75B20FEE37800A3CFC9 /* IconViewController.swift */; };
		4051D75E20FEE98B00A3CFC9 /* ProfileIconTableViewCell.swift in Sources */ = {isa = PBXBuildFile; fileRef = 4051D75D20FEE98A00A3CFC9 /* ProfileIconTableViewCell.swift */; };
		406DD2E02106C76E00B38BB7 /* ListCellData.swift in Sources */ = {isa = PBXBuildFile; fileRef = 406DD2DF2106C76E00B38BB7 /* ListCellData.swift */; };
		4098461A20F6FEA300DCAF22 /* SystemTagCollectionTableViewController.swift in Sources */ = {isa = PBXBuildFile; fileRef = 4098461920F6FEA300DCAF22 /* SystemTagCollectionTableViewController.swift */; };
		4098461C20F7088E00DCAF22 /* MotivationQuoteViewController.swift in Sources */ = {isa = PBXBuildFile; fileRef = 4098461B20F7088E00DCAF22 /* MotivationQuoteViewController.swift */; };
		4098461E20F709C200DCAF22 /* MotivationQuoteView.swift in Sources */ = {isa = PBXBuildFile; fileRef = 4098461D20F709C200DCAF22 /* MotivationQuoteView.swift */; };
		4098462020F85A8400DCAF22 /* StringUtils.swift in Sources */ = {isa = PBXBuildFile; fileRef = 4098461F20F85A8400DCAF22 /* StringUtils.swift */; };
		40A8693720D25599007A079C /* TagsTableViewController.swift in Sources */ = {isa = PBXBuildFile; fileRef = 40A8693620D25599007A079C /* TagsTableViewController.swift */; };
		40A8693920D25A12007A079C /* TagCollectionTableViewController.swift in Sources */ = {isa = PBXBuildFile; fileRef = 40A8693820D25A12007A079C /* TagCollectionTableViewController.swift */; };
		40BE765520BA8F270025D5BE /* AppDelegate.swift in Sources */ = {isa = PBXBuildFile; fileRef = 40BE765420BA8F270025D5BE /* AppDelegate.swift */; };
		40BE765A20BA8F270025D5BE /* Main.storyboard in Resources */ = {isa = PBXBuildFile; fileRef = 40BE765820BA8F270025D5BE /* Main.storyboard */; };
		40BE765C20BA8F270025D5BE /* Assets.xcassets in Resources */ = {isa = PBXBuildFile; fileRef = 40BE765B20BA8F270025D5BE /* Assets.xcassets */; };
		40BE765F20BA8F270025D5BE /* LaunchScreen.storyboard in Resources */ = {isa = PBXBuildFile; fileRef = 40BE765D20BA8F270025D5BE /* LaunchScreen.storyboard */; };
		40BE766A20BA8F280025D5BE /* LISTTests.swift in Sources */ = {isa = PBXBuildFile; fileRef = 40BE766920BA8F280025D5BE /* LISTTests.swift */; };
		40BE767520BA8F280025D5BE /* LISTUITests.swift in Sources */ = {isa = PBXBuildFile; fileRef = 40BE767420BA8F280025D5BE /* LISTUITests.swift */; };
		40BE768320BADE690025D5BE /* FillProfileViewController.swift in Sources */ = {isa = PBXBuildFile; fileRef = 40BE768220BADE690025D5BE /* FillProfileViewController.swift */; };
		40BE768620BBEA9D0025D5BE /* LoginViewController.swift in Sources */ = {isa = PBXBuildFile; fileRef = 40BE768520BBEA9D0025D5BE /* LoginViewController.swift */; };
		40BE768820BBEB670025D5BE /* SignUpViewController.swift in Sources */ = {isa = PBXBuildFile; fileRef = 40BE768720BBEB670025D5BE /* SignUpViewController.swift */; };
		40CF0C0420C23C23003039A6 /* LISTUser.swift in Sources */ = {isa = PBXBuildFile; fileRef = 40CF0C0320C23C23003039A6 /* LISTUser.swift */; };
		40CF0C0620C26D96003039A6 /* HomePageViewController.swift in Sources */ = {isa = PBXBuildFile; fileRef = 40CF0C0520C26D96003039A6 /* HomePageViewController.swift */; };
		40CF0C0820C3E884003039A6 /* ProfileExtractView.swift in Sources */ = {isa = PBXBuildFile; fileRef = 40CF0C0720C3E884003039A6 /* ProfileExtractView.swift */; };
		40CF0C0A20C55DAF003039A6 /* HomePageListExtractView.swift in Sources */ = {isa = PBXBuildFile; fileRef = 40CF0C0920C55DAF003039A6 /* HomePageListExtractView.swift */; };
		40CF0C0F20C807BF003039A6 /* ProfileTableViewController.swift in Sources */ = {isa = PBXBuildFile; fileRef = 40CF0C0E20C807BF003039A6 /* ProfileTableViewController.swift */; };
		40CF0C1120CA5902003039A6 /* GoogleService-Info.plist in Resources */ = {isa = PBXBuildFile; fileRef = 40CF0C1020CA5901003039A6 /* GoogleService-Info.plist */; };
		40CF0C1320CA6BA6003039A6 /* SettingsTableViewController.swift in Sources */ = {isa = PBXBuildFile; fileRef = 40CF0C1220CA6BA6003039A6 /* SettingsTableViewController.swift */; };
		40CF0C1720CA71D2003039A6 /* SystemSettingsTableViewController.swift in Sources */ = {isa = PBXBuildFile; fileRef = 40CF0C1620CA71D2003039A6 /* SystemSettingsTableViewController.swift */; };
		40CF0C1B20CA790D003039A6 /* CreateViewController.swift in Sources */ = {isa = PBXBuildFile; fileRef = 40CF0C1A20CA790D003039A6 /* CreateViewController.swift */; };
		40CF0C1D20CA7A2B003039A6 /* CreateView.swift in Sources */ = {isa = PBXBuildFile; fileRef = 40CF0C1C20CA7A2B003039A6 /* CreateView.swift */; };
		40CF0C1F20CAB542003039A6 /* SingleListViewController.swift in Sources */ = {isa = PBXBuildFile; fileRef = 40CF0C1E20CAB542003039A6 /* SingleListViewController.swift */; };
		40CF0C2120CAB706003039A6 /* RoundRecView.swift in Sources */ = {isa = PBXBuildFile; fileRef = 40CF0C2020CAB706003039A6 /* RoundRecView.swift */; };
		40CF0C2320CB765B003039A6 /* ListItemTableViewCell.swift in Sources */ = {isa = PBXBuildFile; fileRef = 40CF0C2220CB765B003039A6 /* ListItemTableViewCell.swift */; };
		40CF0C2520CB8095003039A6 /* ToolTableViewCell.swift in Sources */ = {isa = PBXBuildFile; fileRef = 40CF0C2420CB8095003039A6 /* ToolTableViewCell.swift */; };
		40CF0C2720CCC317003039A6 /* ListSettingsTableViewController.swift in Sources */ = {isa = PBXBuildFile; fileRef = 40CF0C2620CCC317003039A6 /* ListSettingsTableViewController.swift */; };
		40DC375620D3938000EADAD1 /* SubgoalTableViewCell.swift in Sources */ = {isa = PBXBuildFile; fileRef = 40DC375520D3938000EADAD1 /* SubgoalTableViewCell.swift */; };
		40DC375920D89B6400EADAD1 /* FriendsTableViewController.swift in Sources */ = {isa = PBXBuildFile; fileRef = 40DC375820D89B6400EADAD1 /* FriendsTableViewController.swift */; };
		40DC375B20D8A18400EADAD1 /* FriendTableViewCell.swift in Sources */ = {isa = PBXBuildFile; fileRef = 40DC375A20D8A18400EADAD1 /* FriendTableViewCell.swift */; };
		40DC375D20D8A48400EADAD1 /* FriendNotificationTableViewCell.swift in Sources */ = {isa = PBXBuildFile; fileRef = 40DC375C20D8A48400EADAD1 /* FriendNotificationTableViewCell.swift */; };
		40DC375F20D8AE1200EADAD1 /* FriendRequestTableViewController.swift in Sources */ = {isa = PBXBuildFile; fileRef = 40DC375E20D8AE1200EADAD1 /* FriendRequestTableViewController.swift */; };
		40DC376120D8B5B200EADAD1 /* FriendRequestTableViewCell.swift in Sources */ = {isa = PBXBuildFile; fileRef = 40DC376020D8B5B200EADAD1 /* FriendRequestTableViewCell.swift */; };
		40DC376420DA46DC00EADAD1 /* ArchiveHomePageViewController.swift in Sources */ = {isa = PBXBuildFile; fileRef = 40DC376320DA46DC00EADAD1 /* ArchiveHomePageViewController.swift */; };
		40DC376620DB642A00EADAD1 /* ArchiveHomePageView.swift in Sources */ = {isa = PBXBuildFile; fileRef = 40DC376520DB642A00EADAD1 /* ArchiveHomePageView.swift */; };
		40DC376820DB93AF00EADAD1 /* ArchiveListViewController.swift in Sources */ = {isa = PBXBuildFile; fileRef = 40DC376720DB93AF00EADAD1 /* ArchiveListViewController.swift */; };
		40DC376A20DBA4C500EADAD1 /* PageViewController.swift in Sources */ = {isa = PBXBuildFile; fileRef = 40DC376920DBA4C500EADAD1 /* PageViewController.swift */; };
		40DC376C20DBDB6500EADAD1 /* CollaboratorTableViewController.swift in Sources */ = {isa = PBXBuildFile; fileRef = 40DC376B20DBDB6500EADAD1 /* CollaboratorTableViewController.swift */; };
		40DC376F20DE0BD700EADAD1 /* MessageTableViewController.swift in Sources */ = {isa = PBXBuildFile; fileRef = 40DC376E20DE0BD700EADAD1 /* MessageTableViewController.swift */; };
		40DC377120DE0CA100EADAD1 /* InvitationTableViewCell.swift in Sources */ = {isa = PBXBuildFile; fileRef = 40DC377020DE0CA100EADAD1 /* InvitationTableViewCell.swift */; };
		40E919C020F050EB0022D0E6 /* RandomWishView.swift in Sources */ = {isa = PBXBuildFile; fileRef = 40E919BF20F050EB0022D0E6 /* RandomWishView.swift */; };
		40E919C320F060FD0022D0E6 /* WorldPageViewController.swift in Sources */ = {isa = PBXBuildFile; fileRef = 40E919C220F060FD0022D0E6 /* WorldPageViewController.swift */; };
		40E919C520F062080022D0E6 /* InspirationPoolExtractView.swift in Sources */ = {isa = PBXBuildFile; fileRef = 40E919C420F062080022D0E6 /* InspirationPoolExtractView.swift */; };
		40E919C720F06AC10022D0E6 /* InspirationPoolViewController.swift in Sources */ = {isa = PBXBuildFile; fileRef = 40E919C620F06AC10022D0E6 /* InspirationPoolViewController.swift */; };
		40E919CA20F301080022D0E6 /* SingleFavouriteListViewController.swift in Sources */ = {isa = PBXBuildFile; fileRef = 40E919C920F301080022D0E6 /* SingleFavouriteListViewController.swift */; };
		40E919CC20F305880022D0E6 /* FavListGoalTableViewCell.swift in Sources */ = {isa = PBXBuildFile; fileRef = 40E919CB20F305880022D0E6 /* FavListGoalTableViewCell.swift */; };
		40E919CE20F305AD0022D0E6 /* FavListSubgoalTableViewCell.swift in Sources */ = {isa = PBXBuildFile; fileRef = 40E919CD20F305AD0022D0E6 /* FavListSubgoalTableViewCell.swift */; };
		40E919D220F30BA40022D0E6 /* ViewFavouriteListViewController.swift in Sources */ = {isa = PBXBuildFile; fileRef = 40E919D120F30BA40022D0E6 /* ViewFavouriteListViewController.swift */; };
		40E919D420F30DCD0022D0E6 /* FavListNameTableViewCell.swift in Sources */ = {isa = PBXBuildFile; fileRef = 40E919D320F30DCD0022D0E6 /* FavListNameTableViewCell.swift */; };
		40E919DA20F46A580022D0E6 /* TopTrendingTagsLabelView.swift in Sources */ = {isa = PBXBuildFile; fileRef = 40E919D920F46A570022D0E6 /* TopTrendingTagsLabelView.swift */; };
		7C47CD4F3AFA93218358662F /* Pods_LISTUITests.framework in Frameworks */ = {isa = PBXBuildFile; fileRef = 1673E739B51279783AF84EDE /* Pods_LISTUITests.framework */; };
		BA08A5FD8F9360535C67C648 /* Pods_LIST.framework in Frameworks */ = {isa = PBXBuildFile; fileRef = 6C5AD5ED95E4D4649BD46EE8 /* Pods_LIST.framework */; };
/* End PBXBuildFile section */

/* Begin PBXContainerItemProxy section */
		40BE766620BA8F280025D5BE /* PBXContainerItemProxy */ = {
			isa = PBXContainerItemProxy;
			containerPortal = 40BE764920BA8F270025D5BE /* Project object */;
			proxyType = 1;
			remoteGlobalIDString = 40BE765020BA8F270025D5BE;
			remoteInfo = LIST;
		};
		40BE767120BA8F280025D5BE /* PBXContainerItemProxy */ = {
			isa = PBXContainerItemProxy;
			containerPortal = 40BE764920BA8F270025D5BE /* Project object */;
			proxyType = 1;
			remoteGlobalIDString = 40BE765020BA8F270025D5BE;
			remoteInfo = LIST;
		};
/* End PBXContainerItemProxy section */

/* Begin PBXFileReference section */
		1673E739B51279783AF84EDE /* Pods_LISTUITests.framework */ = {isa = PBXFileReference; explicitFileType = wrapper.framework; includeInIndex = 0; path = Pods_LISTUITests.framework; sourceTree = BUILT_PRODUCTS_DIR; };
		401470B920CE58C0008B5846 /* ViewListMenuViewController.swift */ = {isa = PBXFileReference; lastKnownFileType = sourcecode.swift; path = ViewListMenuViewController.swift; sourceTree = "<group>"; };
		401470BB20CE5ACE008B5846 /* ViewListMenuView.swift */ = {isa = PBXFileReference; lastKnownFileType = sourcecode.swift; path = ViewListMenuView.swift; sourceTree = "<group>"; };
		401470BD20CE6114008B5846 /* ViewListViewController.swift */ = {isa = PBXFileReference; lastKnownFileType = sourcecode.swift; path = ViewListViewController.swift; sourceTree = "<group>"; };
		401470BF20CFA5FB008B5846 /* ListItemViewController.swift */ = {isa = PBXFileReference; lastKnownFileType = sourcecode.swift; path = ListItemViewController.swift; sourceTree = "<group>"; };
		401470C120D0C3D1008B5846 /* ISTimeline.swift */ = {isa = PBXFileReference; lastKnownFileType = sourcecode.swift; path = ISTimeline.swift; sourceTree = "<group>"; };
		401470C720D0C50B008B5846 /* ISPoint.swift */ = {isa = PBXFileReference; lastKnownFileType = sourcecode.swift; path = ISPoint.swift; sourceTree = "<group>"; };
		401470C920D11151008B5846 /* DocumentNodeViewController.swift */ = {isa = PBXFileReference; lastKnownFileType = sourcecode.swift; path = DocumentNodeViewController.swift; sourceTree = "<group>"; };
		4051D75B20FEE37800A3CFC9 /* IconViewController.swift */ = {isa = PBXFileReference; lastKnownFileType = sourcecode.swift; path = IconViewController.swift; sourceTree = "<group>"; };
		4051D75D20FEE98A00A3CFC9 /* ProfileIconTableViewCell.swift */ = {isa = PBXFileReference; fileEncoding = 4; lastKnownFileType = sourcecode.swift; path = ProfileIconTableViewCell.swift; sourceTree = "<group>"; };
		406DD2DF2106C76E00B38BB7 /* ListCellData.swift */ = {isa = PBXFileReference; lastKnownFileType = sourcecode.swift; path = ListCellData.swift; sourceTree = "<group>"; };
		4098461920F6FEA300DCAF22 /* SystemTagCollectionTableViewController.swift */ = {isa = PBXFileReference; lastKnownFileType = sourcecode.swift; path = SystemTagCollectionTableViewController.swift; sourceTree = "<group>"; };
		4098461B20F7088E00DCAF22 /* MotivationQuoteViewController.swift */ = {isa = PBXFileReference; lastKnownFileType = sourcecode.swift; path = MotivationQuoteViewController.swift; sourceTree = "<group>"; };
		4098461D20F709C200DCAF22 /* MotivationQuoteView.swift */ = {isa = PBXFileReference; lastKnownFileType = sourcecode.swift; path = MotivationQuoteView.swift; sourceTree = "<group>"; };
		4098461F20F85A8400DCAF22 /* StringUtils.swift */ = {isa = PBXFileReference; lastKnownFileType = sourcecode.swift; path = StringUtils.swift; sourceTree = "<group>"; };
		40A8693620D25599007A079C /* TagsTableViewController.swift */ = {isa = PBXFileReference; lastKnownFileType = sourcecode.swift; path = TagsTableViewController.swift; sourceTree = "<group>"; };
		40A8693820D25A12007A079C /* TagCollectionTableViewController.swift */ = {isa = PBXFileReference; lastKnownFileType = sourcecode.swift; path = TagCollectionTableViewController.swift; sourceTree = "<group>"; };
		40BE765120BA8F270025D5BE /* LIST.app */ = {isa = PBXFileReference; explicitFileType = wrapper.application; includeInIndex = 0; path = LIST.app; sourceTree = BUILT_PRODUCTS_DIR; };
		40BE765420BA8F270025D5BE /* AppDelegate.swift */ = {isa = PBXFileReference; lastKnownFileType = sourcecode.swift; path = AppDelegate.swift; sourceTree = "<group>"; };
		40BE765920BA8F270025D5BE /* Base */ = {isa = PBXFileReference; lastKnownFileType = file.storyboard; name = Base; path = Base.lproj/Main.storyboard; sourceTree = "<group>"; };
		40BE765B20BA8F270025D5BE /* Assets.xcassets */ = {isa = PBXFileReference; lastKnownFileType = folder.assetcatalog; path = Assets.xcassets; sourceTree = "<group>"; };
		40BE765E20BA8F270025D5BE /* Base */ = {isa = PBXFileReference; lastKnownFileType = file.storyboard; name = Base; path = Base.lproj/LaunchScreen.storyboard; sourceTree = "<group>"; };
		40BE766020BA8F270025D5BE /* Info.plist */ = {isa = PBXFileReference; lastKnownFileType = text.plist.xml; path = Info.plist; sourceTree = "<group>"; };
		40BE766520BA8F280025D5BE /* LISTTests.xctest */ = {isa = PBXFileReference; explicitFileType = wrapper.cfbundle; includeInIndex = 0; path = LISTTests.xctest; sourceTree = BUILT_PRODUCTS_DIR; };
		40BE766920BA8F280025D5BE /* LISTTests.swift */ = {isa = PBXFileReference; lastKnownFileType = sourcecode.swift; path = LISTTests.swift; sourceTree = "<group>"; };
		40BE766B20BA8F280025D5BE /* Info.plist */ = {isa = PBXFileReference; lastKnownFileType = text.plist.xml; path = Info.plist; sourceTree = "<group>"; };
		40BE767020BA8F280025D5BE /* LISTUITests.xctest */ = {isa = PBXFileReference; explicitFileType = wrapper.cfbundle; includeInIndex = 0; path = LISTUITests.xctest; sourceTree = BUILT_PRODUCTS_DIR; };
		40BE767420BA8F280025D5BE /* LISTUITests.swift */ = {isa = PBXFileReference; lastKnownFileType = sourcecode.swift; path = LISTUITests.swift; sourceTree = "<group>"; };
		40BE767620BA8F280025D5BE /* Info.plist */ = {isa = PBXFileReference; lastKnownFileType = text.plist.xml; path = Info.plist; sourceTree = "<group>"; };
		40BE768220BADE690025D5BE /* FillProfileViewController.swift */ = {isa = PBXFileReference; lastKnownFileType = sourcecode.swift; path = FillProfileViewController.swift; sourceTree = "<group>"; };
		40BE768520BBEA9D0025D5BE /* LoginViewController.swift */ = {isa = PBXFileReference; lastKnownFileType = sourcecode.swift; path = LoginViewController.swift; sourceTree = "<group>"; };
		40BE768720BBEB670025D5BE /* SignUpViewController.swift */ = {isa = PBXFileReference; lastKnownFileType = sourcecode.swift; path = SignUpViewController.swift; sourceTree = "<group>"; };
		40CF0BFE20C18E33003039A6 /* LIST.entitlements */ = {isa = PBXFileReference; lastKnownFileType = text.plist.entitlements; path = LIST.entitlements; sourceTree = "<group>"; };
		40CF0C0320C23C23003039A6 /* LISTUser.swift */ = {isa = PBXFileReference; lastKnownFileType = sourcecode.swift; path = LISTUser.swift; sourceTree = "<group>"; };
		40CF0C0520C26D96003039A6 /* HomePageViewController.swift */ = {isa = PBXFileReference; lastKnownFileType = sourcecode.swift; path = HomePageViewController.swift; sourceTree = "<group>"; };
		40CF0C0720C3E884003039A6 /* ProfileExtractView.swift */ = {isa = PBXFileReference; lastKnownFileType = sourcecode.swift; path = ProfileExtractView.swift; sourceTree = "<group>"; };
		40CF0C0920C55DAF003039A6 /* HomePageListExtractView.swift */ = {isa = PBXFileReference; lastKnownFileType = sourcecode.swift; path = HomePageListExtractView.swift; sourceTree = "<group>"; };
		40CF0C0E20C807BF003039A6 /* ProfileTableViewController.swift */ = {isa = PBXFileReference; lastKnownFileType = sourcecode.swift; path = ProfileTableViewController.swift; sourceTree = "<group>"; };
		40CF0C1020CA5901003039A6 /* GoogleService-Info.plist */ = {isa = PBXFileReference; fileEncoding = 4; lastKnownFileType = text.plist.xml; path = "GoogleService-Info.plist"; sourceTree = "<group>"; };
		40CF0C1220CA6BA6003039A6 /* SettingsTableViewController.swift */ = {isa = PBXFileReference; lastKnownFileType = sourcecode.swift; path = SettingsTableViewController.swift; sourceTree = "<group>"; };
		40CF0C1620CA71D2003039A6 /* SystemSettingsTableViewController.swift */ = {isa = PBXFileReference; lastKnownFileType = sourcecode.swift; path = SystemSettingsTableViewController.swift; sourceTree = "<group>"; };
		40CF0C1A20CA790D003039A6 /* CreateViewController.swift */ = {isa = PBXFileReference; lastKnownFileType = sourcecode.swift; path = CreateViewController.swift; sourceTree = "<group>"; };
		40CF0C1C20CA7A2B003039A6 /* CreateView.swift */ = {isa = PBXFileReference; lastKnownFileType = sourcecode.swift; path = CreateView.swift; sourceTree = "<group>"; };
		40CF0C1E20CAB542003039A6 /* SingleListViewController.swift */ = {isa = PBXFileReference; lastKnownFileType = sourcecode.swift; path = SingleListViewController.swift; sourceTree = "<group>"; };
		40CF0C2020CAB706003039A6 /* RoundRecView.swift */ = {isa = PBXFileReference; lastKnownFileType = sourcecode.swift; path = RoundRecView.swift; sourceTree = "<group>"; };
		40CF0C2220CB765B003039A6 /* ListItemTableViewCell.swift */ = {isa = PBXFileReference; lastKnownFileType = sourcecode.swift; path = ListItemTableViewCell.swift; sourceTree = "<group>"; };
		40CF0C2420CB8095003039A6 /* ToolTableViewCell.swift */ = {isa = PBXFileReference; lastKnownFileType = sourcecode.swift; path = ToolTableViewCell.swift; sourceTree = "<group>"; };
		40CF0C2620CCC317003039A6 /* ListSettingsTableViewController.swift */ = {isa = PBXFileReference; lastKnownFileType = sourcecode.swift; path = ListSettingsTableViewController.swift; sourceTree = "<group>"; };
		40DC375520D3938000EADAD1 /* SubgoalTableViewCell.swift */ = {isa = PBXFileReference; lastKnownFileType = sourcecode.swift; path = SubgoalTableViewCell.swift; sourceTree = "<group>"; };
		40DC375820D89B6400EADAD1 /* FriendsTableViewController.swift */ = {isa = PBXFileReference; lastKnownFileType = sourcecode.swift; path = FriendsTableViewController.swift; sourceTree = "<group>"; };
		40DC375A20D8A18400EADAD1 /* FriendTableViewCell.swift */ = {isa = PBXFileReference; lastKnownFileType = sourcecode.swift; path = FriendTableViewCell.swift; sourceTree = "<group>"; };
		40DC375C20D8A48400EADAD1 /* FriendNotificationTableViewCell.swift */ = {isa = PBXFileReference; lastKnownFileType = sourcecode.swift; path = FriendNotificationTableViewCell.swift; sourceTree = "<group>"; };
		40DC375E20D8AE1200EADAD1 /* FriendRequestTableViewController.swift */ = {isa = PBXFileReference; lastKnownFileType = sourcecode.swift; path = FriendRequestTableViewController.swift; sourceTree = "<group>"; };
		40DC376020D8B5B200EADAD1 /* FriendRequestTableViewCell.swift */ = {isa = PBXFileReference; lastKnownFileType = sourcecode.swift; path = FriendRequestTableViewCell.swift; sourceTree = "<group>"; };
		40DC376320DA46DC00EADAD1 /* ArchiveHomePageViewController.swift */ = {isa = PBXFileReference; lastKnownFileType = sourcecode.swift; path = ArchiveHomePageViewController.swift; sourceTree = "<group>"; };
		40DC376520DB642A00EADAD1 /* ArchiveHomePageView.swift */ = {isa = PBXFileReference; lastKnownFileType = sourcecode.swift; path = ArchiveHomePageView.swift; sourceTree = "<group>"; };
		40DC376720DB93AF00EADAD1 /* ArchiveListViewController.swift */ = {isa = PBXFileReference; lastKnownFileType = sourcecode.swift; path = ArchiveListViewController.swift; sourceTree = "<group>"; };
		40DC376920DBA4C500EADAD1 /* PageViewController.swift */ = {isa = PBXFileReference; lastKnownFileType = sourcecode.swift; path = PageViewController.swift; sourceTree = "<group>"; };
		40DC376B20DBDB6500EADAD1 /* CollaboratorTableViewController.swift */ = {isa = PBXFileReference; lastKnownFileType = sourcecode.swift; path = CollaboratorTableViewController.swift; sourceTree = "<group>"; };
		40DC376E20DE0BD700EADAD1 /* MessageTableViewController.swift */ = {isa = PBXFileReference; lastKnownFileType = sourcecode.swift; path = MessageTableViewController.swift; sourceTree = "<group>"; };
		40DC377020DE0CA100EADAD1 /* InvitationTableViewCell.swift */ = {isa = PBXFileReference; lastKnownFileType = sourcecode.swift; path = InvitationTableViewCell.swift; sourceTree = "<group>"; };
		40E919BF20F050EB0022D0E6 /* RandomWishView.swift */ = {isa = PBXFileReference; lastKnownFileType = sourcecode.swift; path = RandomWishView.swift; sourceTree = "<group>"; };
		40E919C220F060FD0022D0E6 /* WorldPageViewController.swift */ = {isa = PBXFileReference; lastKnownFileType = sourcecode.swift; path = WorldPageViewController.swift; sourceTree = "<group>"; };
		40E919C420F062080022D0E6 /* InspirationPoolExtractView.swift */ = {isa = PBXFileReference; lastKnownFileType = sourcecode.swift; path = InspirationPoolExtractView.swift; sourceTree = "<group>"; };
		40E919C620F06AC10022D0E6 /* InspirationPoolViewController.swift */ = {isa = PBXFileReference; lastKnownFileType = sourcecode.swift; path = InspirationPoolViewController.swift; sourceTree = "<group>"; };
		40E919C920F301080022D0E6 /* SingleFavouriteListViewController.swift */ = {isa = PBXFileReference; lastKnownFileType = sourcecode.swift; path = SingleFavouriteListViewController.swift; sourceTree = "<group>"; };
		40E919CB20F305880022D0E6 /* FavListGoalTableViewCell.swift */ = {isa = PBXFileReference; lastKnownFileType = sourcecode.swift; path = FavListGoalTableViewCell.swift; sourceTree = "<group>"; };
		40E919CD20F305AD0022D0E6 /* FavListSubgoalTableViewCell.swift */ = {isa = PBXFileReference; lastKnownFileType = sourcecode.swift; path = FavListSubgoalTableViewCell.swift; sourceTree = "<group>"; };
		40E919D120F30BA40022D0E6 /* ViewFavouriteListViewController.swift */ = {isa = PBXFileReference; lastKnownFileType = sourcecode.swift; path = ViewFavouriteListViewController.swift; sourceTree = "<group>"; };
		40E919D320F30DCD0022D0E6 /* FavListNameTableViewCell.swift */ = {isa = PBXFileReference; lastKnownFileType = sourcecode.swift; path = FavListNameTableViewCell.swift; sourceTree = "<group>"; };
		40E919D920F46A570022D0E6 /* TopTrendingTagsLabelView.swift */ = {isa = PBXFileReference; fileEncoding = 4; lastKnownFileType = sourcecode.swift; path = TopTrendingTagsLabelView.swift; sourceTree = "<group>"; };
		4FB801B2425169C4FB7B7A8E /* Pods-LIST.debug.xcconfig */ = {isa = PBXFileReference; includeInIndex = 1; lastKnownFileType = text.xcconfig; name = "Pods-LIST.debug.xcconfig"; path = "Pods/Target Support Files/Pods-LIST/Pods-LIST.debug.xcconfig"; sourceTree = "<group>"; };
		651C07F793C9F59A2F79EB40 /* Pods_LISTTests.framework */ = {isa = PBXFileReference; explicitFileType = wrapper.framework; includeInIndex = 0; path = Pods_LISTTests.framework; sourceTree = BUILT_PRODUCTS_DIR; };
		6C5AD5ED95E4D4649BD46EE8 /* Pods_LIST.framework */ = {isa = PBXFileReference; explicitFileType = wrapper.framework; includeInIndex = 0; path = Pods_LIST.framework; sourceTree = BUILT_PRODUCTS_DIR; };
		6CE51A0BCC33407171B11C51 /* Pods-LIST.release.xcconfig */ = {isa = PBXFileReference; includeInIndex = 1; lastKnownFileType = text.xcconfig; name = "Pods-LIST.release.xcconfig"; path = "Pods/Target Support Files/Pods-LIST/Pods-LIST.release.xcconfig"; sourceTree = "<group>"; };
		708AA0DDAB0248DB13029B75 /* Pods-LISTTests.debug.xcconfig */ = {isa = PBXFileReference; includeInIndex = 1; lastKnownFileType = text.xcconfig; name = "Pods-LISTTests.debug.xcconfig"; path = "Pods/Target Support Files/Pods-LISTTests/Pods-LISTTests.debug.xcconfig"; sourceTree = "<group>"; };
		78DE99091C45152B87FBAFC4 /* Pods-LISTUITests.release.xcconfig */ = {isa = PBXFileReference; includeInIndex = 1; lastKnownFileType = text.xcconfig; name = "Pods-LISTUITests.release.xcconfig"; path = "Pods/Target Support Files/Pods-LISTUITests/Pods-LISTUITests.release.xcconfig"; sourceTree = "<group>"; };
		D602776046B5343AB211DE4D /* Pods-LISTTests.release.xcconfig */ = {isa = PBXFileReference; includeInIndex = 1; lastKnownFileType = text.xcconfig; name = "Pods-LISTTests.release.xcconfig"; path = "Pods/Target Support Files/Pods-LISTTests/Pods-LISTTests.release.xcconfig"; sourceTree = "<group>"; };
		E568796F58FB6080375433FD /* Pods-LISTUITests.debug.xcconfig */ = {isa = PBXFileReference; includeInIndex = 1; lastKnownFileType = text.xcconfig; name = "Pods-LISTUITests.debug.xcconfig"; path = "Pods/Target Support Files/Pods-LISTUITests/Pods-LISTUITests.debug.xcconfig"; sourceTree = "<group>"; };
/* End PBXFileReference section */

/* Begin PBXFrameworksBuildPhase section */
		40BE764E20BA8F270025D5BE /* Frameworks */ = {
			isa = PBXFrameworksBuildPhase;
			buildActionMask = 2147483647;
			files = (
				BA08A5FD8F9360535C67C648 /* Pods_LIST.framework in Frameworks */,
			);
			runOnlyForDeploymentPostprocessing = 0;
		};
		40BE766220BA8F280025D5BE /* Frameworks */ = {
			isa = PBXFrameworksBuildPhase;
			buildActionMask = 2147483647;
			files = (
				2715471962E11C66C407C382 /* Pods_LISTTests.framework in Frameworks */,
			);
			runOnlyForDeploymentPostprocessing = 0;
		};
		40BE766D20BA8F280025D5BE /* Frameworks */ = {
			isa = PBXFrameworksBuildPhase;
			buildActionMask = 2147483647;
			files = (
				7C47CD4F3AFA93218358662F /* Pods_LISTUITests.framework in Frameworks */,
			);
			runOnlyForDeploymentPostprocessing = 0;
		};
/* End PBXFrameworksBuildPhase section */

/* Begin PBXGroup section */
		0EA9F064DABF0A71619B2146 /* Pods */ = {
			isa = PBXGroup;
			children = (
				4FB801B2425169C4FB7B7A8E /* Pods-LIST.debug.xcconfig */,
				6CE51A0BCC33407171B11C51 /* Pods-LIST.release.xcconfig */,
				708AA0DDAB0248DB13029B75 /* Pods-LISTTests.debug.xcconfig */,
				D602776046B5343AB211DE4D /* Pods-LISTTests.release.xcconfig */,
				E568796F58FB6080375433FD /* Pods-LISTUITests.debug.xcconfig */,
				78DE99091C45152B87FBAFC4 /* Pods-LISTUITests.release.xcconfig */,
			);
			name = Pods;
			sourceTree = "<group>";
		};
		401470B820CE588C008B5846 /* All my lists */ = {
			isa = PBXGroup;
			children = (
				401470B920CE58C0008B5846 /* ViewListMenuViewController.swift */,
				401470BD20CE6114008B5846 /* ViewListViewController.swift */,
			);
			path = "All my lists";
			sourceTree = "<group>";
		};
		40BE764820BA8F270025D5BE = {
			isa = PBXGroup;
			children = (
				40BE765320BA8F270025D5BE /* LIST */,
				40BE766820BA8F280025D5BE /* LISTTests */,
				40BE767320BA8F280025D5BE /* LISTUITests */,
				40BE765220BA8F270025D5BE /* Products */,
				0EA9F064DABF0A71619B2146 /* Pods */,
				A3690CD0852B4E1D6A13794A /* Frameworks */,
			);
			sourceTree = "<group>";
		};
		40BE765220BA8F270025D5BE /* Products */ = {
			isa = PBXGroup;
			children = (
				40BE765120BA8F270025D5BE /* LIST.app */,
				40BE766520BA8F280025D5BE /* LISTTests.xctest */,
				40BE767020BA8F280025D5BE /* LISTUITests.xctest */,
			);
			name = Products;
			sourceTree = "<group>";
		};
		40BE765320BA8F270025D5BE /* LIST */ = {
			isa = PBXGroup;
			children = (
				40CF0C0320C23C23003039A6 /* LISTUser.swift */,
				406DD2DF2106C76E00B38BB7 /* ListCellData.swift */,
				401470C720D0C50B008B5846 /* ISPoint.swift */,
				4098461F20F85A8400DCAF22 /* StringUtils.swift */,
				40CF0BFE20C18E33003039A6 /* LIST.entitlements */,
				40BE765420BA8F270025D5BE /* AppDelegate.swift */,
				40CF0C0B20C55DBB003039A6 /* Views */,
				40BE768420BAE0970025D5BE /* View controllers */,
				40BE765820BA8F270025D5BE /* Main.storyboard */,
				40BE765B20BA8F270025D5BE /* Assets.xcassets */,
				40BE765D20BA8F270025D5BE /* LaunchScreen.storyboard */,
				40BE766020BA8F270025D5BE /* Info.plist */,
				40CF0C1020CA5901003039A6 /* GoogleService-Info.plist */,
			);
			path = LIST;
			sourceTree = "<group>";
		};
		40BE766820BA8F280025D5BE /* LISTTests */ = {
			isa = PBXGroup;
			children = (
				40BE766920BA8F280025D5BE /* LISTTests.swift */,
				40BE766B20BA8F280025D5BE /* Info.plist */,
			);
			path = LISTTests;
			sourceTree = "<group>";
		};
		40BE767320BA8F280025D5BE /* LISTUITests */ = {
			isa = PBXGroup;
			children = (
				40BE767420BA8F280025D5BE /* LISTUITests.swift */,
				40BE767620BA8F280025D5BE /* Info.plist */,
			);
			path = LISTUITests;
			sourceTree = "<group>";
		};
		40BE768420BAE0970025D5BE /* View controllers */ = {
			isa = PBXGroup;
			children = (
				40CF0C1520CA71A0003039A6 /* Login&Signup */,
				40CF0C1920CA78D2003039A6 /* Home */,
				40CF0C1820CA78BC003039A6 /* Create */,
				40DC376D20DE0BB700EADAD1 /* Message */,
				40DC375720D89B3100EADAD1 /* Friends */,
				40E919C120F060BF0022D0E6 /* World */,
			);
			path = "View controllers";
			sourceTree = "<group>";
		};
		40CF0C0B20C55DBB003039A6 /* Views */ = {
			isa = PBXGroup;
			children = (
				40CF0C0720C3E884003039A6 /* ProfileExtractView.swift */,
				40CF0C0920C55DAF003039A6 /* HomePageListExtractView.swift */,
				40CF0C1C20CA7A2B003039A6 /* CreateView.swift */,
				401470BB20CE5ACE008B5846 /* ViewListMenuView.swift */,
				40CF0C2020CAB706003039A6 /* RoundRecView.swift */,
				401470C120D0C3D1008B5846 /* ISTimeline.swift */,
				40DC376520DB642A00EADAD1 /* ArchiveHomePageView.swift */,
				40E919BF20F050EB0022D0E6 /* RandomWishView.swift */,
				40E919C420F062080022D0E6 /* InspirationPoolExtractView.swift */,
				40E919D920F46A570022D0E6 /* TopTrendingTagsLabelView.swift */,
				4098461D20F709C200DCAF22 /* MotivationQuoteView.swift */,
				40CF0C2820CCC858003039A6 /* Table View Cells */,
			);
			path = Views;
			sourceTree = "<group>";
		};
		40CF0C1420CA7188003039A6 /* Settings */ = {
			isa = PBXGroup;
			children = (
				40CF0C1220CA6BA6003039A6 /* SettingsTableViewController.swift */,
				40CF0C0E20C807BF003039A6 /* ProfileTableViewController.swift */,
				40CF0C1620CA71D2003039A6 /* SystemSettingsTableViewController.swift */,
				4051D75B20FEE37800A3CFC9 /* IconViewController.swift */,
			);
			path = Settings;
			sourceTree = "<group>";
		};
		40CF0C1520CA71A0003039A6 /* Login&Signup */ = {
			isa = PBXGroup;
			children = (
				40BE768520BBEA9D0025D5BE /* LoginViewController.swift */,
				40BE768720BBEB670025D5BE /* SignUpViewController.swift */,
				40BE768220BADE690025D5BE /* FillProfileViewController.swift */,
			);
			path = "Login&Signup";
			sourceTree = "<group>";
		};
		40CF0C1820CA78BC003039A6 /* Create */ = {
			isa = PBXGroup;
			children = (
				40CF0C1A20CA790D003039A6 /* CreateViewController.swift */,
				40CF0C1E20CAB542003039A6 /* SingleListViewController.swift */,
				40CF0C2620CCC317003039A6 /* ListSettingsTableViewController.swift */,
				401470BF20CFA5FB008B5846 /* ListItemViewController.swift */,
				401470C920D11151008B5846 /* DocumentNodeViewController.swift */,
				40A8693620D25599007A079C /* TagsTableViewController.swift */,
				40A8693820D25A12007A079C /* TagCollectionTableViewController.swift */,
				40DC376B20DBDB6500EADAD1 /* CollaboratorTableViewController.swift */,
			);
			path = Create;
			sourceTree = "<group>";
		};
		40CF0C1920CA78D2003039A6 /* Home */ = {
			isa = PBXGroup;
			children = (
				40CF0C0520C26D96003039A6 /* HomePageViewController.swift */,
				401470B820CE588C008B5846 /* All my lists */,
				40DC376220DA3B3200EADAD1 /* Archive */,
				40E919C820F300CF0022D0E6 /* My favourite lists */,
				40CF0C1420CA7188003039A6 /* Settings */,
			);
			path = Home;
			sourceTree = "<group>";
		};
		40CF0C2820CCC858003039A6 /* Table View Cells */ = {
			isa = PBXGroup;
			children = (
				40CF0C2220CB765B003039A6 /* ListItemTableViewCell.swift */,
				40CF0C2420CB8095003039A6 /* ToolTableViewCell.swift */,
				40DC375520D3938000EADAD1 /* SubgoalTableViewCell.swift */,
				40DC375A20D8A18400EADAD1 /* FriendTableViewCell.swift */,
				40DC375C20D8A48400EADAD1 /* FriendNotificationTableViewCell.swift */,
				40DC376020D8B5B200EADAD1 /* FriendRequestTableViewCell.swift */,
				40DC377020DE0CA100EADAD1 /* InvitationTableViewCell.swift */,
				40E919CB20F305880022D0E6 /* FavListGoalTableViewCell.swift */,
				40E919CD20F305AD0022D0E6 /* FavListSubgoalTableViewCell.swift */,
				40E919D320F30DCD0022D0E6 /* FavListNameTableViewCell.swift */,
				4051D75D20FEE98A00A3CFC9 /* ProfileIconTableViewCell.swift */,
			);
			path = "Table View Cells";
			sourceTree = "<group>";
		};
		40DC375720D89B3100EADAD1 /* Friends */ = {
			isa = PBXGroup;
			children = (
				40DC375820D89B6400EADAD1 /* FriendsTableViewController.swift */,
				40DC375E20D8AE1200EADAD1 /* FriendRequestTableViewController.swift */,
			);
			path = Friends;
			sourceTree = "<group>";
		};
		40DC376220DA3B3200EADAD1 /* Archive */ = {
			isa = PBXGroup;
			children = (
				40DC376320DA46DC00EADAD1 /* ArchiveHomePageViewController.swift */,
				40DC376720DB93AF00EADAD1 /* ArchiveListViewController.swift */,
				40DC376920DBA4C500EADAD1 /* PageViewController.swift */,
			);
			path = Archive;
			sourceTree = "<group>";
		};
		40DC376D20DE0BB700EADAD1 /* Message */ = {
			isa = PBXGroup;
			children = (
				40DC376E20DE0BD700EADAD1 /* MessageTableViewController.swift */,
			);
			path = Message;
			sourceTree = "<group>";
		};
		40E919C120F060BF0022D0E6 /* World */ = {
			isa = PBXGroup;
			children = (
				40E919C220F060FD0022D0E6 /* WorldPageViewController.swift */,
				40E919C620F06AC10022D0E6 /* InspirationPoolViewController.swift */,
				4098461920F6FEA300DCAF22 /* SystemTagCollectionTableViewController.swift */,
				4098461B20F7088E00DCAF22 /* MotivationQuoteViewController.swift */,
			);
			path = World;
			sourceTree = "<group>";
		};
		40E919C820F300CF0022D0E6 /* My favourite lists */ = {
			isa = PBXGroup;
			children = (
				40E919C920F301080022D0E6 /* SingleFavouriteListViewController.swift */,
				40E919D120F30BA40022D0E6 /* ViewFavouriteListViewController.swift */,
			);
			path = "My favourite lists";
			sourceTree = "<group>";
		};
		A3690CD0852B4E1D6A13794A /* Frameworks */ = {
			isa = PBXGroup;
			children = (
				6C5AD5ED95E4D4649BD46EE8 /* Pods_LIST.framework */,
				651C07F793C9F59A2F79EB40 /* Pods_LISTTests.framework */,
				1673E739B51279783AF84EDE /* Pods_LISTUITests.framework */,
			);
			name = Frameworks;
			sourceTree = "<group>";
		};
/* End PBXGroup section */

/* Begin PBXNativeTarget section */
		40BE765020BA8F270025D5BE /* LIST */ = {
			isa = PBXNativeTarget;
			buildConfigurationList = 40BE767920BA8F280025D5BE /* Build configuration list for PBXNativeTarget "LIST" */;
			buildPhases = (
				701752D4FB18731FD4ACE6E8 /* [CP] Check Pods Manifest.lock */,
				40BE764D20BA8F270025D5BE /* Sources */,
				40BE764E20BA8F270025D5BE /* Frameworks */,
				40BE764F20BA8F270025D5BE /* Resources */,
				F090A48E15462E5733F419ED /* [CP] Embed Pods Frameworks */,
			);
			buildRules = (
			);
			dependencies = (
			);
			name = LIST;
			productName = LIST;
			productReference = 40BE765120BA8F270025D5BE /* LIST.app */;
			productType = "com.apple.product-type.application";
		};
		40BE766420BA8F280025D5BE /* LISTTests */ = {
			isa = PBXNativeTarget;
			buildConfigurationList = 40BE767C20BA8F280025D5BE /* Build configuration list for PBXNativeTarget "LISTTests" */;
			buildPhases = (
				B3557851218E67200E2BA652 /* [CP] Check Pods Manifest.lock */,
				40BE766120BA8F280025D5BE /* Sources */,
				40BE766220BA8F280025D5BE /* Frameworks */,
				40BE766320BA8F280025D5BE /* Resources */,
			);
			buildRules = (
			);
			dependencies = (
				40BE766720BA8F280025D5BE /* PBXTargetDependency */,
			);
			name = LISTTests;
			productName = LISTTests;
			productReference = 40BE766520BA8F280025D5BE /* LISTTests.xctest */;
			productType = "com.apple.product-type.bundle.unit-test";
		};
		40BE766F20BA8F280025D5BE /* LISTUITests */ = {
			isa = PBXNativeTarget;
			buildConfigurationList = 40BE767F20BA8F280025D5BE /* Build configuration list for PBXNativeTarget "LISTUITests" */;
			buildPhases = (
				CABC3A9BC88FA55B7DD9DD30 /* [CP] Check Pods Manifest.lock */,
				40BE766C20BA8F280025D5BE /* Sources */,
				40BE766D20BA8F280025D5BE /* Frameworks */,
				40BE766E20BA8F280025D5BE /* Resources */,
			);
			buildRules = (
			);
			dependencies = (
				40BE767220BA8F280025D5BE /* PBXTargetDependency */,
			);
			name = LISTUITests;
			productName = LISTUITests;
			productReference = 40BE767020BA8F280025D5BE /* LISTUITests.xctest */;
			productType = "com.apple.product-type.bundle.ui-testing";
		};
/* End PBXNativeTarget section */

/* Begin PBXProject section */
		40BE764920BA8F270025D5BE /* Project object */ = {
			isa = PBXProject;
			attributes = {
				LastSwiftUpdateCheck = 0920;
				LastUpgradeCheck = 0920;
				ORGANIZATIONNAME = "蔡雨倩";
				TargetAttributes = {
					40BE765020BA8F270025D5BE = {
						CreatedOnToolsVersion = 9.2;
						ProvisioningStyle = Automatic;
						SystemCapabilities = {
							com.apple.Keychain = {
								enabled = 1;
							};
						};
					};
					40BE766420BA8F280025D5BE = {
						CreatedOnToolsVersion = 9.2;
						ProvisioningStyle = Automatic;
						TestTargetID = 40BE765020BA8F270025D5BE;
					};
					40BE766F20BA8F280025D5BE = {
						CreatedOnToolsVersion = 9.2;
						ProvisioningStyle = Automatic;
						TestTargetID = 40BE765020BA8F270025D5BE;
					};
				};
			};
			buildConfigurationList = 40BE764C20BA8F270025D5BE /* Build configuration list for PBXProject "LIST" */;
			compatibilityVersion = "Xcode 8.0";
			developmentRegion = en;
			hasScannedForEncodings = 0;
			knownRegions = (
				en,
				Base,
			);
			mainGroup = 40BE764820BA8F270025D5BE;
			productRefGroup = 40BE765220BA8F270025D5BE /* Products */;
			projectDirPath = "";
			projectRoot = "";
			targets = (
				40BE765020BA8F270025D5BE /* LIST */,
				40BE766420BA8F280025D5BE /* LISTTests */,
				40BE766F20BA8F280025D5BE /* LISTUITests */,
			);
		};
/* End PBXProject section */

/* Begin PBXResourcesBuildPhase section */
		40BE764F20BA8F270025D5BE /* Resources */ = {
			isa = PBXResourcesBuildPhase;
			buildActionMask = 2147483647;
			files = (
				40BE765F20BA8F270025D5BE /* LaunchScreen.storyboard in Resources */,
				40CF0C1120CA5902003039A6 /* GoogleService-Info.plist in Resources */,
				40BE765C20BA8F270025D5BE /* Assets.xcassets in Resources */,
				40BE765A20BA8F270025D5BE /* Main.storyboard in Resources */,
			);
			runOnlyForDeploymentPostprocessing = 0;
		};
		40BE766320BA8F280025D5BE /* Resources */ = {
			isa = PBXResourcesBuildPhase;
			buildActionMask = 2147483647;
			files = (
			);
			runOnlyForDeploymentPostprocessing = 0;
		};
		40BE766E20BA8F280025D5BE /* Resources */ = {
			isa = PBXResourcesBuildPhase;
			buildActionMask = 2147483647;
			files = (
			);
			runOnlyForDeploymentPostprocessing = 0;
		};
/* End PBXResourcesBuildPhase section */

/* Begin PBXShellScriptBuildPhase section */
		701752D4FB18731FD4ACE6E8 /* [CP] Check Pods Manifest.lock */ = {
			isa = PBXShellScriptBuildPhase;
			buildActionMask = 2147483647;
			files = (
			);
			inputPaths = (
				"${PODS_PODFILE_DIR_PATH}/Podfile.lock",
				"${PODS_ROOT}/Manifest.lock",
			);
			name = "[CP] Check Pods Manifest.lock";
			outputPaths = (
				"$(DERIVED_FILE_DIR)/Pods-LIST-checkManifestLockResult.txt",
			);
			runOnlyForDeploymentPostprocessing = 0;
			shellPath = /bin/sh;
			shellScript = "diff \"${PODS_PODFILE_DIR_PATH}/Podfile.lock\" \"${PODS_ROOT}/Manifest.lock\" > /dev/null\nif [ $? != 0 ] ; then\n    # print error to STDERR\n    echo \"error: The sandbox is not in sync with the Podfile.lock. Run 'pod install' or update your CocoaPods installation.\" >&2\n    exit 1\nfi\n# This output is used by Xcode 'outputs' to avoid re-running this script phase.\necho \"SUCCESS\" > \"${SCRIPT_OUTPUT_FILE_0}\"\n";
			showEnvVarsInLog = 0;
		};
		B3557851218E67200E2BA652 /* [CP] Check Pods Manifest.lock */ = {
			isa = PBXShellScriptBuildPhase;
			buildActionMask = 2147483647;
			files = (
			);
			inputPaths = (
				"${PODS_PODFILE_DIR_PATH}/Podfile.lock",
				"${PODS_ROOT}/Manifest.lock",
			);
			name = "[CP] Check Pods Manifest.lock";
			outputPaths = (
				"$(DERIVED_FILE_DIR)/Pods-LISTTests-checkManifestLockResult.txt",
			);
			runOnlyForDeploymentPostprocessing = 0;
			shellPath = /bin/sh;
			shellScript = "diff \"${PODS_PODFILE_DIR_PATH}/Podfile.lock\" \"${PODS_ROOT}/Manifest.lock\" > /dev/null\nif [ $? != 0 ] ; then\n    # print error to STDERR\n    echo \"error: The sandbox is not in sync with the Podfile.lock. Run 'pod install' or update your CocoaPods installation.\" >&2\n    exit 1\nfi\n# This output is used by Xcode 'outputs' to avoid re-running this script phase.\necho \"SUCCESS\" > \"${SCRIPT_OUTPUT_FILE_0}\"\n";
			showEnvVarsInLog = 0;
		};
		CABC3A9BC88FA55B7DD9DD30 /* [CP] Check Pods Manifest.lock */ = {
			isa = PBXShellScriptBuildPhase;
			buildActionMask = 2147483647;
			files = (
			);
			inputPaths = (
				"${PODS_PODFILE_DIR_PATH}/Podfile.lock",
				"${PODS_ROOT}/Manifest.lock",
			);
			name = "[CP] Check Pods Manifest.lock";
			outputPaths = (
				"$(DERIVED_FILE_DIR)/Pods-LISTUITests-checkManifestLockResult.txt",
			);
			runOnlyForDeploymentPostprocessing = 0;
			shellPath = /bin/sh;
			shellScript = "diff \"${PODS_PODFILE_DIR_PATH}/Podfile.lock\" \"${PODS_ROOT}/Manifest.lock\" > /dev/null\nif [ $? != 0 ] ; then\n    # print error to STDERR\n    echo \"error: The sandbox is not in sync with the Podfile.lock. Run 'pod install' or update your CocoaPods installation.\" >&2\n    exit 1\nfi\n# This output is used by Xcode 'outputs' to avoid re-running this script phase.\necho \"SUCCESS\" > \"${SCRIPT_OUTPUT_FILE_0}\"\n";
			showEnvVarsInLog = 0;
		};
		F090A48E15462E5733F419ED /* [CP] Embed Pods Frameworks */ = {
			isa = PBXShellScriptBuildPhase;
			buildActionMask = 2147483647;
			files = (
			);
			inputPaths = (
				"${SRCROOT}/Pods/Target Support Files/Pods-LIST/Pods-LIST-frameworks.sh",
				"${BUILT_PRODUCTS_DIR}/GTMSessionFetcher/GTMSessionFetcher.framework",
				"${BUILT_PRODUCTS_DIR}/GoogleToolboxForMac/GoogleToolboxForMac.framework",
				"${BUILT_PRODUCTS_DIR}/ISTimeline/ISTimeline.framework",
				"${BUILT_PRODUCTS_DIR}/leveldb-library/leveldb.framework",
				"${BUILT_PRODUCTS_DIR}/nanopb/nanopb.framework",
			);
			name = "[CP] Embed Pods Frameworks";
			outputPaths = (
				"${TARGET_BUILD_DIR}/${FRAMEWORKS_FOLDER_PATH}/GTMSessionFetcher.framework",
				"${TARGET_BUILD_DIR}/${FRAMEWORKS_FOLDER_PATH}/GoogleToolboxForMac.framework",
				"${TARGET_BUILD_DIR}/${FRAMEWORKS_FOLDER_PATH}/ISTimeline.framework",
				"${TARGET_BUILD_DIR}/${FRAMEWORKS_FOLDER_PATH}/leveldb.framework",
				"${TARGET_BUILD_DIR}/${FRAMEWORKS_FOLDER_PATH}/nanopb.framework",
			);
			runOnlyForDeploymentPostprocessing = 0;
			shellPath = /bin/sh;
			shellScript = "\"${SRCROOT}/Pods/Target Support Files/Pods-LIST/Pods-LIST-frameworks.sh\"\n";
			showEnvVarsInLog = 0;
		};
/* End PBXShellScriptBuildPhase section */

/* Begin PBXSourcesBuildPhase section */
		40BE764D20BA8F270025D5BE /* Sources */ = {
			isa = PBXSourcesBuildPhase;
			buildActionMask = 2147483647;
			files = (
				4098462020F85A8400DCAF22 /* StringUtils.swift in Sources */,
				401470BC20CE5ACE008B5846 /* ViewListMenuView.swift in Sources */,
				40E919DA20F46A580022D0E6 /* TopTrendingTagsLabelView.swift in Sources */,
				40DC375D20D8A48400EADAD1 /* FriendNotificationTableViewCell.swift in Sources */,
				40BE768620BBEA9D0025D5BE /* LoginViewController.swift in Sources */,
				40DC376820DB93AF00EADAD1 /* ArchiveListViewController.swift in Sources */,
				40CF0C1720CA71D2003039A6 /* SystemSettingsTableViewController.swift in Sources */,
				40CF0C2720CCC317003039A6 /* ListSettingsTableViewController.swift in Sources */,
				40CF0C0620C26D96003039A6 /* HomePageViewController.swift in Sources */,
				401470BE20CE6114008B5846 /* ViewListViewController.swift in Sources */,
				4098461C20F7088E00DCAF22 /* MotivationQuoteViewController.swift in Sources */,
				40DC377120DE0CA100EADAD1 /* InvitationTableViewCell.swift in Sources */,
				40DC376620DB642A00EADAD1 /* ArchiveHomePageView.swift in Sources */,
				4098461A20F6FEA300DCAF22 /* SystemTagCollectionTableViewController.swift in Sources */,
				40CF0C0820C3E884003039A6 /* ProfileExtractView.swift in Sources */,
				401470C220D0C3D1008B5846 /* ISTimeline.swift in Sources */,
				40DC375F20D8AE1200EADAD1 /* FriendRequestTableViewController.swift in Sources */,
				401470C020CFA5FB008B5846 /* ListItemViewController.swift in Sources */,
				40CF0C2320CB765B003039A6 /* ListItemTableViewCell.swift in Sources */,
				40CF0C0420C23C23003039A6 /* LISTUser.swift in Sources */,
				40BE765520BA8F270025D5BE /* AppDelegate.swift in Sources */,
				40E919CE20F305AD0022D0E6 /* FavListSubgoalTableViewCell.swift in Sources */,
				4051D75E20FEE98B00A3CFC9 /* ProfileIconTableViewCell.swift in Sources */,
				40CF0C2520CB8095003039A6 /* ToolTableViewCell.swift in Sources */,
				40CF0C1F20CAB542003039A6 /* SingleListViewController.swift in Sources */,
				40DC375920D89B6400EADAD1 /* FriendsTableViewController.swift in Sources */,
				40DC376420DA46DC00EADAD1 /* ArchiveHomePageViewController.swift in Sources */,
				40BE768320BADE690025D5BE /* FillProfileViewController.swift in Sources */,
				401470CA20D11151008B5846 /* DocumentNodeViewController.swift in Sources */,
				40E919C720F06AC10022D0E6 /* InspirationPoolViewController.swift in Sources */,
				40A8693720D25599007A079C /* TagsTableViewController.swift in Sources */,
				40CF0C1320CA6BA6003039A6 /* SettingsTableViewController.swift in Sources */,
				40CF0C1D20CA7A2B003039A6 /* CreateView.swift in Sources */,
				40CF0C1B20CA790D003039A6 /* CreateViewController.swift in Sources */,
				40E919C520F062080022D0E6 /* InspirationPoolExtractView.swift in Sources */,
				40BE768820BBEB670025D5BE /* SignUpViewController.swift in Sources */,
				40E919CA20F301080022D0E6 /* SingleFavouriteListViewController.swift in Sources */,
				401470BA20CE58C0008B5846 /* ViewListMenuViewController.swift in Sources */,
				40E919D420F30DCD0022D0E6 /* FavListNameTableViewCell.swift in Sources */,
				406DD2E02106C76E00B38BB7 /* ListCellData.swift in Sources */,
				40A8693920D25A12007A079C /* TagCollectionTableViewController.swift in Sources */,
				40DC376C20DBDB6500EADAD1 /* CollaboratorTableViewController.swift in Sources */,
				40CF0C2120CAB706003039A6 /* RoundRecView.swift in Sources */,
				4051D75C20FEE37800A3CFC9 /* IconViewController.swift in Sources */,
				40DC376F20DE0BD700EADAD1 /* MessageTableViewController.swift in Sources */,
				40E919CC20F305880022D0E6 /* FavListGoalTableViewCell.swift in Sources */,
				40DC376A20DBA4C500EADAD1 /* PageViewController.swift in Sources */,
				40DC376120D8B5B200EADAD1 /* FriendRequestTableViewCell.swift in Sources */,
				4098461E20F709C200DCAF22 /* MotivationQuoteView.swift in Sources */,
				40CF0C0F20C807BF003039A6 /* ProfileTableViewController.swift in Sources */,
				40E919C020F050EB0022D0E6 /* RandomWishView.swift in Sources */,
				40DC375620D3938000EADAD1 /* SubgoalTableViewCell.swift in Sources */,
				40E919D220F30BA40022D0E6 /* ViewFavouriteListViewController.swift in Sources */,
				40DC375B20D8A18400EADAD1 /* FriendTableViewCell.swift in Sources */,
				401470C820D0C50B008B5846 /* ISPoint.swift in Sources */,
				40E919C320F060FD0022D0E6 /* WorldPageViewController.swift in Sources */,
				40CF0C0A20C55DAF003039A6 /* HomePageListExtractView.swift in Sources */,
			);
			runOnlyForDeploymentPostprocessing = 0;
		};
		40BE766120BA8F280025D5BE /* Sources */ = {
			isa = PBXSourcesBuildPhase;
			buildActionMask = 2147483647;
			files = (
				40BE766A20BA8F280025D5BE /* LISTTests.swift in Sources */,
			);
			runOnlyForDeploymentPostprocessing = 0;
		};
		40BE766C20BA8F280025D5BE /* Sources */ = {
			isa = PBXSourcesBuildPhase;
			buildActionMask = 2147483647;
			files = (
				40BE767520BA8F280025D5BE /* LISTUITests.swift in Sources */,
			);
			runOnlyForDeploymentPostprocessing = 0;
		};
/* End PBXSourcesBuildPhase section */

/* Begin PBXTargetDependency section */
		40BE766720BA8F280025D5BE /* PBXTargetDependency */ = {
			isa = PBXTargetDependency;
			target = 40BE765020BA8F270025D5BE /* LIST */;
			targetProxy = 40BE766620BA8F280025D5BE /* PBXContainerItemProxy */;
		};
		40BE767220BA8F280025D5BE /* PBXTargetDependency */ = {
			isa = PBXTargetDependency;
			target = 40BE765020BA8F270025D5BE /* LIST */;
			targetProxy = 40BE767120BA8F280025D5BE /* PBXContainerItemProxy */;
		};
/* End PBXTargetDependency section */

/* Begin PBXVariantGroup section */
		40BE765820BA8F270025D5BE /* Main.storyboard */ = {
			isa = PBXVariantGroup;
			children = (
				40BE765920BA8F270025D5BE /* Base */,
			);
			name = Main.storyboard;
			sourceTree = "<group>";
		};
		40BE765D20BA8F270025D5BE /* LaunchScreen.storyboard */ = {
			isa = PBXVariantGroup;
			children = (
				40BE765E20BA8F270025D5BE /* Base */,
			);
			name = LaunchScreen.storyboard;
			sourceTree = "<group>";
		};
/* End PBXVariantGroup section */

/* Begin XCBuildConfiguration section */
		40BE767720BA8F280025D5BE /* Debug */ = {
			isa = XCBuildConfiguration;
			buildSettings = {
				ALWAYS_SEARCH_USER_PATHS = NO;
				CLANG_ANALYZER_NONNULL = YES;
				CLANG_ANALYZER_NUMBER_OBJECT_CONVERSION = YES_AGGRESSIVE;
				CLANG_CXX_LANGUAGE_STANDARD = "gnu++14";
				CLANG_CXX_LIBRARY = "libc++";
				CLANG_ENABLE_MODULES = YES;
				CLANG_ENABLE_OBJC_ARC = YES;
				CLANG_WARN_BLOCK_CAPTURE_AUTORELEASING = YES;
				CLANG_WARN_BOOL_CONVERSION = YES;
				CLANG_WARN_COMMA = YES;
				CLANG_WARN_CONSTANT_CONVERSION = YES;
				CLANG_WARN_DIRECT_OBJC_ISA_USAGE = YES_ERROR;
				CLANG_WARN_DOCUMENTATION_COMMENTS = YES;
				CLANG_WARN_EMPTY_BODY = YES;
				CLANG_WARN_ENUM_CONVERSION = YES;
				CLANG_WARN_INFINITE_RECURSION = YES;
				CLANG_WARN_INT_CONVERSION = YES;
				CLANG_WARN_NON_LITERAL_NULL_CONVERSION = YES;
				CLANG_WARN_OBJC_LITERAL_CONVERSION = YES;
				CLANG_WARN_OBJC_ROOT_CLASS = YES_ERROR;
				CLANG_WARN_RANGE_LOOP_ANALYSIS = YES;
				CLANG_WARN_STRICT_PROTOTYPES = YES;
				CLANG_WARN_SUSPICIOUS_MOVE = YES;
				CLANG_WARN_UNGUARDED_AVAILABILITY = YES_AGGRESSIVE;
				CLANG_WARN_UNREACHABLE_CODE = YES;
				CLANG_WARN__DUPLICATE_METHOD_MATCH = YES;
				CODE_SIGN_IDENTITY = "iPhone Developer";
				COPY_PHASE_STRIP = NO;
				DEBUG_INFORMATION_FORMAT = dwarf;
				ENABLE_STRICT_OBJC_MSGSEND = YES;
				ENABLE_TESTABILITY = YES;
				GCC_C_LANGUAGE_STANDARD = gnu11;
				GCC_DYNAMIC_NO_PIC = NO;
				GCC_NO_COMMON_BLOCKS = YES;
				GCC_OPTIMIZATION_LEVEL = 0;
				GCC_PREPROCESSOR_DEFINITIONS = (
					"DEBUG=1",
					"$(inherited)",
				);
				GCC_WARN_64_TO_32_BIT_CONVERSION = YES;
				GCC_WARN_ABOUT_RETURN_TYPE = YES_ERROR;
				GCC_WARN_UNDECLARED_SELECTOR = YES;
				GCC_WARN_UNINITIALIZED_AUTOS = YES_AGGRESSIVE;
				GCC_WARN_UNUSED_FUNCTION = YES;
				GCC_WARN_UNUSED_VARIABLE = YES;
				IPHONEOS_DEPLOYMENT_TARGET = 11.2;
				MTL_ENABLE_DEBUG_INFO = YES;
				ONLY_ACTIVE_ARCH = YES;
				SDKROOT = iphoneos;
				SWIFT_ACTIVE_COMPILATION_CONDITIONS = DEBUG;
				SWIFT_OPTIMIZATION_LEVEL = "-Onone";
			};
			name = Debug;
		};
		40BE767820BA8F280025D5BE /* Release */ = {
			isa = XCBuildConfiguration;
			buildSettings = {
				ALWAYS_SEARCH_USER_PATHS = NO;
				CLANG_ANALYZER_NONNULL = YES;
				CLANG_ANALYZER_NUMBER_OBJECT_CONVERSION = YES_AGGRESSIVE;
				CLANG_CXX_LANGUAGE_STANDARD = "gnu++14";
				CLANG_CXX_LIBRARY = "libc++";
				CLANG_ENABLE_MODULES = YES;
				CLANG_ENABLE_OBJC_ARC = YES;
				CLANG_WARN_BLOCK_CAPTURE_AUTORELEASING = YES;
				CLANG_WARN_BOOL_CONVERSION = YES;
				CLANG_WARN_COMMA = YES;
				CLANG_WARN_CONSTANT_CONVERSION = YES;
				CLANG_WARN_DIRECT_OBJC_ISA_USAGE = YES_ERROR;
				CLANG_WARN_DOCUMENTATION_COMMENTS = YES;
				CLANG_WARN_EMPTY_BODY = YES;
				CLANG_WARN_ENUM_CONVERSION = YES;
				CLANG_WARN_INFINITE_RECURSION = YES;
				CLANG_WARN_INT_CONVERSION = YES;
				CLANG_WARN_NON_LITERAL_NULL_CONVERSION = YES;
				CLANG_WARN_OBJC_LITERAL_CONVERSION = YES;
				CLANG_WARN_OBJC_ROOT_CLASS = YES_ERROR;
				CLANG_WARN_RANGE_LOOP_ANALYSIS = YES;
				CLANG_WARN_STRICT_PROTOTYPES = YES;
				CLANG_WARN_SUSPICIOUS_MOVE = YES;
				CLANG_WARN_UNGUARDED_AVAILABILITY = YES_AGGRESSIVE;
				CLANG_WARN_UNREACHABLE_CODE = YES;
				CLANG_WARN__DUPLICATE_METHOD_MATCH = YES;
				CODE_SIGN_IDENTITY = "iPhone Developer";
				COPY_PHASE_STRIP = NO;
				DEBUG_INFORMATION_FORMAT = "dwarf-with-dsym";
				ENABLE_NS_ASSERTIONS = NO;
				ENABLE_STRICT_OBJC_MSGSEND = YES;
				GCC_C_LANGUAGE_STANDARD = gnu11;
				GCC_NO_COMMON_BLOCKS = YES;
				GCC_WARN_64_TO_32_BIT_CONVERSION = YES;
				GCC_WARN_ABOUT_RETURN_TYPE = YES_ERROR;
				GCC_WARN_UNDECLARED_SELECTOR = YES;
				GCC_WARN_UNINITIALIZED_AUTOS = YES_AGGRESSIVE;
				GCC_WARN_UNUSED_FUNCTION = YES;
				GCC_WARN_UNUSED_VARIABLE = YES;
				IPHONEOS_DEPLOYMENT_TARGET = 11.2;
				MTL_ENABLE_DEBUG_INFO = NO;
				SDKROOT = iphoneos;
				SWIFT_OPTIMIZATION_LEVEL = "-Owholemodule";
				VALIDATE_PRODUCT = YES;
			};
			name = Release;
		};
		40BE767A20BA8F280025D5BE /* Debug */ = {
			isa = XCBuildConfiguration;
			baseConfigurationReference = 4FB801B2425169C4FB7B7A8E /* Pods-LIST.debug.xcconfig */;
			buildSettings = {
				ASSETCATALOG_COMPILER_APPICON_NAME = AppIcon;
				CODE_SIGN_ENTITLEMENTS = LIST/LIST.entitlements;
				"CODE_SIGN_IDENTITY[sdk=iphoneos*]" = "iPhone Developer";
				CODE_SIGN_STYLE = Automatic;
				DEVELOPMENT_TEAM = 27485KC4SY;
				INFOPLIST_FILE = LIST/Info.plist;
				LD_RUNPATH_SEARCH_PATHS = "$(inherited) @executable_path/Frameworks";
				PRODUCT_BUNDLE_IDENTIFIER = com.caiyuqian.LIST;
				PRODUCT_NAME = "$(TARGET_NAME)";
				PROVISIONING_PROFILE_SPECIFIER = "";
				SWIFT_VERSION = 4.0;
				TARGETED_DEVICE_FAMILY = "1,2";
			};
			name = Debug;
		};
		40BE767B20BA8F280025D5BE /* Release */ = {
			isa = XCBuildConfiguration;
			baseConfigurationReference = 6CE51A0BCC33407171B11C51 /* Pods-LIST.release.xcconfig */;
			buildSettings = {
				ASSETCATALOG_COMPILER_APPICON_NAME = AppIcon;
				CODE_SIGN_ENTITLEMENTS = LIST/LIST.entitlements;
				"CODE_SIGN_IDENTITY[sdk=iphoneos*]" = "iPhone Developer";
				CODE_SIGN_STYLE = Automatic;
				DEVELOPMENT_TEAM = 27485KC4SY;
				INFOPLIST_FILE = LIST/Info.plist;
				LD_RUNPATH_SEARCH_PATHS = "$(inherited) @executable_path/Frameworks";
				PRODUCT_BUNDLE_IDENTIFIER = com.caiyuqian.LIST;
				PRODUCT_NAME = "$(TARGET_NAME)";
				PROVISIONING_PROFILE_SPECIFIER = "";
				SWIFT_VERSION = 4.0;
				TARGETED_DEVICE_FAMILY = "1,2";
			};
			name = Release;
		};
		40BE767D20BA8F280025D5BE /* Debug */ = {
			isa = XCBuildConfiguration;
			baseConfigurationReference = 708AA0DDAB0248DB13029B75 /* Pods-LISTTests.debug.xcconfig */;
			buildSettings = {
				ALWAYS_EMBED_SWIFT_STANDARD_LIBRARIES = YES;
				BUNDLE_LOADER = "$(TEST_HOST)";
				CODE_SIGN_STYLE = Automatic;
				DEVELOPMENT_TEAM = 27485KC4SY;
				INFOPLIST_FILE = LISTTests/Info.plist;
				LD_RUNPATH_SEARCH_PATHS = "$(inherited) @executable_path/Frameworks @loader_path/Frameworks";
				PRODUCT_BUNDLE_IDENTIFIER = "-.LISTTests";
				PRODUCT_NAME = "$(TARGET_NAME)";
				SWIFT_VERSION = 4.0;
				TARGETED_DEVICE_FAMILY = "1,2";
				TEST_HOST = "$(BUILT_PRODUCTS_DIR)/LIST.app/LIST";
			};
			name = Debug;
		};
		40BE767E20BA8F280025D5BE /* Release */ = {
			isa = XCBuildConfiguration;
			baseConfigurationReference = D602776046B5343AB211DE4D /* Pods-LISTTests.release.xcconfig */;
			buildSettings = {
				ALWAYS_EMBED_SWIFT_STANDARD_LIBRARIES = YES;
				BUNDLE_LOADER = "$(TEST_HOST)";
				CODE_SIGN_STYLE = Automatic;
				DEVELOPMENT_TEAM = 27485KC4SY;
				INFOPLIST_FILE = LISTTests/Info.plist;
				LD_RUNPATH_SEARCH_PATHS = "$(inherited) @executable_path/Frameworks @loader_path/Frameworks";
				PRODUCT_BUNDLE_IDENTIFIER = "-.LISTTests";
				PRODUCT_NAME = "$(TARGET_NAME)";
				SWIFT_VERSION = 4.0;
				TARGETED_DEVICE_FAMILY = "1,2";
				TEST_HOST = "$(BUILT_PRODUCTS_DIR)/LIST.app/LIST";
			};
			name = Release;
		};
		40BE768020BA8F280025D5BE /* Debug */ = {
			isa = XCBuildConfiguration;
			baseConfigurationReference = E568796F58FB6080375433FD /* Pods-LISTUITests.debug.xcconfig */;
			buildSettings = {
				ALWAYS_EMBED_SWIFT_STANDARD_LIBRARIES = YES;
				CODE_SIGN_STYLE = Automatic;
				DEVELOPMENT_TEAM = 27485KC4SY;
				INFOPLIST_FILE = LISTUITests/Info.plist;
				LD_RUNPATH_SEARCH_PATHS = "$(inherited) @executable_path/Frameworks @loader_path/Frameworks";
				PRODUCT_BUNDLE_IDENTIFIER = "-.LISTUITests";
				PRODUCT_NAME = "$(TARGET_NAME)";
				SWIFT_VERSION = 4.0;
				TARGETED_DEVICE_FAMILY = "1,2";
				TEST_TARGET_NAME = LIST;
			};
			name = Debug;
		};
		40BE768120BA8F280025D5BE /* Release */ = {
			isa = XCBuildConfiguration;
			baseConfigurationReference = 78DE99091C45152B87FBAFC4 /* Pods-LISTUITests.release.xcconfig */;
			buildSettings = {
				ALWAYS_EMBED_SWIFT_STANDARD_LIBRARIES = YES;
				CODE_SIGN_STYLE = Automatic;
				DEVELOPMENT_TEAM = 27485KC4SY;
				INFOPLIST_FILE = LISTUITests/Info.plist;
				LD_RUNPATH_SEARCH_PATHS = "$(inherited) @executable_path/Frameworks @loader_path/Frameworks";
				PRODUCT_BUNDLE_IDENTIFIER = "-.LISTUITests";
				PRODUCT_NAME = "$(TARGET_NAME)";
				SWIFT_VERSION = 4.0;
				TARGETED_DEVICE_FAMILY = "1,2";
				TEST_TARGET_NAME = LIST;
			};
			name = Release;
		};
/* End XCBuildConfiguration section */

/* Begin XCConfigurationList section */
		40BE764C20BA8F270025D5BE /* Build configuration list for PBXProject "LIST" */ = {
			isa = XCConfigurationList;
			buildConfigurations = (
				40BE767720BA8F280025D5BE /* Debug */,
				40BE767820BA8F280025D5BE /* Release */,
			);
			defaultConfigurationIsVisible = 0;
			defaultConfigurationName = Release;
		};
		40BE767920BA8F280025D5BE /* Build configuration list for PBXNativeTarget "LIST" */ = {
			isa = XCConfigurationList;
			buildConfigurations = (
				40BE767A20BA8F280025D5BE /* Debug */,
				40BE767B20BA8F280025D5BE /* Release */,
			);
			defaultConfigurationIsVisible = 0;
			defaultConfigurationName = Release;
		};
		40BE767C20BA8F280025D5BE /* Build configuration list for PBXNativeTarget "LISTTests" */ = {
			isa = XCConfigurationList;
			buildConfigurations = (
				40BE767D20BA8F280025D5BE /* Debug */,
				40BE767E20BA8F280025D5BE /* Release */,
			);
			defaultConfigurationIsVisible = 0;
			defaultConfigurationName = Release;
		};
		40BE767F20BA8F280025D5BE /* Build configuration list for PBXNativeTarget "LISTUITests" */ = {
			isa = XCConfigurationList;
			buildConfigurations = (
				40BE768020BA8F280025D5BE /* Debug */,
				40BE768120BA8F280025D5BE /* Release */,
			);
			defaultConfigurationIsVisible = 0;
			defaultConfigurationName = Release;
		};
/* End XCConfigurationList section */
	};
	rootObject = 40BE764920BA8F270025D5BE /* Project object */;
}
